
Microsoft Visual Studio Solution File, Format Version 12.00
# Visual Studio Version 17
VisualStudioVersion = 17.14.36221.1 d17.14
MinimumVisualStudioVersion = 10.0.40219.1
Project("{FAE04EC0-301F-11D3-BF4B-00C04F79EFBC}") = "LoginRegistrationMVC", "LoginRegistrationMVC.csproj", "{D08B9A9D-1324-42FD-A9CF-8ED3C9210366}"
EndProject
Global
	GlobalSection(SolutionConfigurationPlatforms) = preSolution
		Debug|Any CPU = Debug|Any CPU
		Release|Any CPU = Release|Any CPU
	EndGlobalSection
	GlobalSection(ProjectConfigurationPlatforms) = postSolution
		{D08B9A9D-1324-42FD-A9CF-8ED3C9210366}.Debug|Any CPU.ActiveCfg = Debug|Any CPU
		{D08B9A9D-1324-42FD-A9CF-8ED3C9210366}.Debug|Any CPU.Build.0 = Debug|Any CPU
		{D08B9A9D-1324-42FD-A9CF-8ED3C9210366}.Release|Any CPU.ActiveCfg = Release|Any CPU
		{D08B9A9D-1324-42FD-A9CF-8ED3C9210366}.Release|Any CPU.Build.0 = Release|Any CPU
	EndGlobalSection
	GlobalSection(SolutionProperties) = preSolution
		HideSolutionNode = FALSE
	EndGlobalSection
	GlobalSection(ExtensibilityGlobals) = postSolution
		SolutionGuid = {AE762BA9-1E21-45DB-BC2D-DC1BAF245EFD}
	EndGlobalSection
EndGlobal
